
Microsoft Visual Studio Solution File, Format Version 12.00
# Visual Studio Version 16
VisualStudioVersion = 16.0.29905.134
MinimumVisualStudioVersion = 10.0.40219.1
Project("{FAE04EC0-301F-11D3-BF4B-00C04F79EFBC}") = "sample_2_17", "sample_2_17\sample_2_17.csproj", "{CF31D95C-20FE-4029-828D-D051575A5FD0}"
EndProject
Global
	GlobalSection(SolutionConfigurationPlatforms) = preSolution
		Debug|Any CPU = Debug|Any CPU
		Release|Any CPU = Release|Any CPU
	EndGlobalSection
	GlobalSection(ProjectConfigurationPlatforms) = postSolution
		{CF31D95C-20FE-4029-828D-D051575A5FD0}.Debug|Any CPU.ActiveCfg = Debug|Any CPU
		{CF31D95C-20FE-4029-828D-D051575A5FD0}.Debug|Any CPU.Build.0 = Debug|Any CPU
		{CF31D95C-20FE-4029-828D-D051575A5FD0}.Release|Any CPU.ActiveCfg = Release|Any CPU
		{CF31D95C-20FE-4029-828D-D051575A5FD0}.Release|Any CPU.Build.0 = Release|Any CPU
	EndGlobalSection
	GlobalSection(SolutionProperties) = preSolution
		HideSolutionNode = FALSE
	EndGlobalSection
	GlobalSection(ExtensibilityGlobals) = postSolution
		SolutionGuid = {241AF90E-AAC8-41C5-BA61-F93B00128E32}
	EndGlobalSection
EndGlobal
